
Microsoft Visual Studio Solution File, Format Version 12.00
# Visual Studio 14
VisualStudioVersion = 14.0.25420.1
MinimumVisualStudioVersion = 10.0.40219.1
Project("{FAE04EC0-301F-11D3-BF4B-00C04F79EFBC}") = "WCFIssue", "WCFIssue\WCFIssue.csproj", "{F1B3FF83-6035-4AAD-A1EF-2FB10574E309}"
EndProject
Project("{FAE04EC0-301F-11D3-BF4B-00C04F79EFBC}") = "WCFIssue.Services", "WCFIssue.Services\WCFIssue.Services.csproj", "{C03823C8-4F3A-4CAA-B89B-87383B0578D8}"
EndProject
Project("{FAE04EC0-301F-11D3-BF4B-00C04F79EFBC}") = "WCFIssue.ServiceHost", "WCFIssue.ServiceHost\WCFIssue.ServiceHost.csproj", "{5DB18AD1-F926-4F56-ACC0-5D7BB9FBF3B7}"
EndProject
Global
	GlobalSection(SolutionConfigurationPlatforms) = preSolution
		Debug|Any CPU = Debug|Any CPU
		Release|Any CPU = Release|Any CPU
	EndGlobalSection
	GlobalSection(ProjectConfigurationPlatforms) = postSolution
		{F1B3FF83-6035-4AAD-A1EF-2FB10574E309}.Debug|Any CPU.ActiveCfg = Debug|Any CPU
		{F1B3FF83-6035-4AAD-A1EF-2FB10574E309}.Debug|Any CPU.Build.0 = Debug|Any CPU
		{F1B3FF83-6035-4AAD-A1EF-2FB10574E309}.Release|Any CPU.ActiveCfg = Release|Any CPU
		{F1B3FF83-6035-4AAD-A1EF-2FB10574E309}.Release|Any CPU.Build.0 = Release|Any CPU
		{C03823C8-4F3A-4CAA-B89B-87383B0578D8}.Debug|Any CPU.ActiveCfg = Debug|Any CPU
		{C03823C8-4F3A-4CAA-B89B-87383B0578D8}.Debug|Any CPU.Build.0 = Debug|Any CPU
		{C03823C8-4F3A-4CAA-B89B-87383B0578D8}.Release|Any CPU.ActiveCfg = Release|Any CPU
		{C03823C8-4F3A-4CAA-B89B-87383B0578D8}.Release|Any CPU.Build.0 = Release|Any CPU
		{5DB18AD1-F926-4F56-ACC0-5D7BB9FBF3B7}.Debug|Any CPU.ActiveCfg = Debug|Any CPU
		{5DB18AD1-F926-4F56-ACC0-5D7BB9FBF3B7}.Debug|Any CPU.Build.0 = Debug|Any CPU
		{5DB18AD1-F926-4F56-ACC0-5D7BB9FBF3B7}.Release|Any CPU.ActiveCfg = Release|Any CPU
		{5DB18AD1-F926-4F56-ACC0-5D7BB9FBF3B7}.Release|Any CPU.Build.0 = Release|Any CPU
	EndGlobalSection
	GlobalSection(SolutionProperties) = preSolution
		HideSolutionNode = FALSE
	EndGlobalSection
EndGlobal
